lockfileVersion: '6.0'

settings:
  autoInstallPeers: true
  excludeLinksFromLockfile: false

dependencies:
  lodash:
    specifier: ^4.17.21
    version: 4.17.21
  uWebSockets.js:
    specifier: github:uNetworking/uWebSockets.js#v20.34.0
    version: github.com/uNetworking/uWebSockets.js/fca27c05066342b01951782248640c8013b37196

devDependencies:
  '@types/lodash':
    specifier: ^4.14.201
    version: 4.14.201
  '@types/node':
    specifier: ^20.9.1
    version: 20.9.1

packages:

  /@types/lodash@4.14.201:
    resolution: {integrity: sha512-y9euML0cim1JrykNxADLfaG0FgD1g/yTHwUs/Jg9ZIU7WKj2/4IW9Lbb1WZbvck78W/lfGXFfe+u2EGfIJXdLQ==}
    dev: true

  /@types/node@20.9.1:
    resolution: {integrity: sha512-HhmzZh5LSJNS5O8jQKpJ/3ZcrrlG6L70hpGqMIAoM9YVD0YBRNWYsfwcXq8VnSjlNpCpgLzMXdiPo+dxcvSmiA==}
    dependencies:
      undici-types: 5.26.5
    dev: true

  /lodash@4.17.21:
    resolution: {integrity: sha512-v2kDEe57lecTulaDIuNTPy3Ry4gLGJ6Z1O3vE1krgXZNrsQ+LFTGHVxVjcXPs17LhbZVGedAJv8XZ1tvj5FvSg==}
    dev: false

  /undici-types@5.26.5:
    resolution: {integrity: sha512-JlCMO+ehdEIKqlFxk6IfVoAUVmgz7cU7zD/h9XZ0qzeosSHmUJVOzSQvvYSYWXkFXC+IfLKSIffhv0sVZup6pA==}
    dev: true

  github.com/uNetworking/uWebSockets.js/fca27c05066342b01951782248640c8013b37196:
    resolution: {tarball: https://codeload.github.com/uNetworking/uWebSockets.js/tar.gz/fca27c05066342b01951782248640c8013b37196}
    name: uWebSockets.js
    version: 20.34.0
    dev: false
