lockfileVersion: '6.0'

settings:
  autoInstallPeers: true
  excludeLinksFromLockfile: false

dependencies:
  fast-url-parser:
    specifier: ^1.1.3
    version: 1.1.3
  tiny-lru:
    specifier: ^11.2.5
    version: 11.2.5
  uWebSockets.js:
    specifier: github:uNetworking/uWebSockets.js#v20.34.0
    version: github.com/uNetworking/uWebSockets.js/fca27c05066342b01951782248640c8013b37196

devDependencies:
  '@types/node':
    specifier: ^20.9.1
    version: 20.9.1

packages:

  /@types/node@20.9.1:
    resolution: {integrity: sha512-HhmzZh5LSJNS5O8jQKpJ/3ZcrrlG6L70hpGqMIAoM9YVD0YBRNWYsfwcXq8VnSjlNpCpgLzMXdiPo+dxcvSmiA==}
    dependencies:
      undici-types: 5.26.5
    dev: true

  /fast-url-parser@1.1.3:
    resolution: {integrity: sha512-5jOCVXADYNuRkKFzNJ0dCCewsZiYo0dz8QNYljkOpFC6r2U4OBmKtvm/Tsuh4w1YYdDqDb31a8TVhBJ2OJKdqQ==}
    dependencies:
      punycode: 1.4.1
    dev: false

  /punycode@1.4.1:
    resolution: {integrity: sha512-jmYNElW7yvO7TV33CjSmvSiE2yco3bV2czu/OzDKdMNVZQWfxCblURLhf+47syQRBntjfLdd/H0egrzIG+oaFQ==}
    dev: false

  /tiny-lru@11.2.5:
    resolution: {integrity: sha512-JpqM0K33lG6iQGKiigcwuURAKZlq6rHXfrgeL4/I8/REoyJTGU+tEMszvT/oTRVHG2OiylhGDjqPp1jWMlr3bw==}
    engines: {node: '>=12'}
    dev: false

  /undici-types@5.26.5:
    resolution: {integrity: sha512-JlCMO+ehdEIKqlFxk6IfVoAUVmgz7cU7zD/h9XZ0qzeosSHmUJVOzSQvvYSYWXkFXC+IfLKSIffhv0sVZup6pA==}
    dev: true

  github.com/uNetworking/uWebSockets.js/fca27c05066342b01951782248640c8013b37196:
    resolution: {tarball: https://codeload.github.com/uNetworking/uWebSockets.js/tar.gz/fca27c05066342b01951782248640c8013b37196}
    name: uWebSockets.js
    version: 20.34.0
    dev: false
